
Microsoft Visual Studio Solution File, Format Version 12.00
# Visual Studio Version 16
VisualStudioVersion = 16.0.30011.22
MinimumVisualStudioVersion = 10.0.40219.1
Project("{FAE04EC0-301F-11D3-BF4B-00C04F79EFBC}") = "Bagodiak", "Bagodiak\Bagodiak.csproj", "{C2883B59-C7E2-430F-9D5A-310CF372CC82}"
EndProject
Global
	GlobalSection(SolutionConfigurationPlatforms) = preSolution
		Debug|Any CPU = Debug|Any CPU
		Release|Any CPU = Release|Any CPU
	EndGlobalSection
	GlobalSection(ProjectConfigurationPlatforms) = postSolution
		{C2883B59-C7E2-430F-9D5A-310CF372CC82}.Debug|Any CPU.ActiveCfg = Debug|Any CPU
		{C2883B59-C7E2-430F-9D5A-310CF372CC82}.Debug|Any CPU.Build.0 = Debug|Any CPU
		{C2883B59-C7E2-430F-9D5A-310CF372CC82}.Release|Any CPU.ActiveCfg = Release|Any CPU
		{C2883B59-C7E2-430F-9D5A-310CF372CC82}.Release|Any CPU.Build.0 = Release|Any CPU
	EndGlobalSection
	GlobalSection(SolutionProperties) = preSolution
		HideSolutionNode = FALSE
	EndGlobalSection
	GlobalSection(ExtensibilityGlobals) = postSolution
		SolutionGuid = {F404C638-AB92-4433-BB92-86F523AFDE07}
	EndGlobalSection
EndGlobal
